
Microsoft Visual Studio Solution File, Format Version 12.00
# Visual Studio Version 16
VisualStudioVersion = 16.0.29911.84
MinimumVisualStudioVersion = 10.0.40219.1
Project("{2150E333-8FDC-42A3-9474-1A3956D46DE8}") = "Domain", "Domain", "{29DE9C4B-85AD-49CF-B9CC-18C2FE9C279D}"
EndProject
Project("{2150E333-8FDC-42A3-9474-1A3956D46DE8}") = "Infra", "Infra", "{C1BA9C68-88D1-49F3-93FC-E24F137A00C7}"
EndProject
Project("{2150E333-8FDC-42A3-9474-1A3956D46DE8}") = "Application", "Application", "{AA83A4DE-D979-45AA-AB68-FE73668A33C1}"
EndProject
Project("{9A19103F-16F7-4668-BE54-9A1E7A4F7556}") = "Business", "Business\Business.csproj", "{A21E977B-7E22-414D-B1F8-518A39D09453}"
EndProject
Project("{9A19103F-16F7-4668-BE54-9A1E7A4F7556}") = "Model", "Model\Model.csproj", "{7CBBB1CC-6490-4FAD-93EF-AD453BF0E2AF}"
EndProject
Project("{9A19103F-16F7-4668-BE54-9A1E7A4F7556}") = "Repository", "Repository\Repository.csproj", "{5C14EFE2-022F-421E-AA71-EEBE1596035C}"
EndProject
Project("{9A19103F-16F7-4668-BE54-9A1E7A4F7556}") = "Context", "Context\Context.csproj", "{71A5A545-DF6E-4171-A6B0-F0CC26F930AC}"
EndProject
Project("{9A19103F-16F7-4668-BE54-9A1E7A4F7556}") = "Identity", "Identity\Identity.csproj", "{5C858F8A-D63D-4288-8DBE-D0F29C917785}"
EndProject
Project("{00D1A9C2-B5F0-4AF3-8072-F6C62B433612}") = "Database", "Database\Database.sqlproj", "{74225513-E014-47F0-91E8-B1A268ABAC96}"
EndProject
Project("{2150E333-8FDC-42A3-9474-1A3956D46DE8}") = "Resources", "Resources", "{A553B6C3-1237-44AB-B2D3-3E8E1B3267EF}"
EndProject
Project("{9A19103F-16F7-4668-BE54-9A1E7A4F7556}") = "Resource", "Resource\Resource.csproj", "{E56BF87F-0B0C-469F-AAF1-8F4F83C58FB7}"
EndProject
Project("{2150E333-8FDC-42A3-9474-1A3956D46DE8}") = "API", "API", "{3973D13F-FBB7-4A7D-BB6F-D95AF6FCFDD0}"
EndProject
Project("{9A19103F-16F7-4668-BE54-9A1E7A4F7556}") = "WebApiNfe", "WebApiNfe\WebApiNfe.csproj", "{78BE4F07-B0B3-4004-8891-B7BD080A8505}"
EndProject
Global
	GlobalSection(SolutionConfigurationPlatforms) = preSolution
		Debug|Any CPU = Debug|Any CPU
		Release|Any CPU = Release|Any CPU
	EndGlobalSection
	GlobalSection(ProjectConfigurationPlatforms) = postSolution
		{A21E977B-7E22-414D-B1F8-518A39D09453}.Debug|Any CPU.ActiveCfg = Debug|Any CPU
		{A21E977B-7E22-414D-B1F8-518A39D09453}.Debug|Any CPU.Build.0 = Debug|Any CPU
		{A21E977B-7E22-414D-B1F8-518A39D09453}.Release|Any CPU.ActiveCfg = Release|Any CPU
		{A21E977B-7E22-414D-B1F8-518A39D09453}.Release|Any CPU.Build.0 = Release|Any CPU
		{7CBBB1CC-6490-4FAD-93EF-AD453BF0E2AF}.Debug|Any CPU.ActiveCfg = Debug|Any CPU
		{7CBBB1CC-6490-4FAD-93EF-AD453BF0E2AF}.Debug|Any CPU.Build.0 = Debug|Any CPU
		{7CBBB1CC-6490-4FAD-93EF-AD453BF0E2AF}.Release|Any CPU.ActiveCfg = Release|Any CPU
		{7CBBB1CC-6490-4FAD-93EF-AD453BF0E2AF}.Release|Any CPU.Build.0 = Release|Any CPU
		{5C14EFE2-022F-421E-AA71-EEBE1596035C}.Debug|Any CPU.ActiveCfg = Debug|Any CPU
		{5C14EFE2-022F-421E-AA71-EEBE1596035C}.Debug|Any CPU.Build.0 = Debug|Any CPU
		{5C14EFE2-022F-421E-AA71-EEBE1596035C}.Release|Any CPU.ActiveCfg = Release|Any CPU
		{5C14EFE2-022F-421E-AA71-EEBE1596035C}.Release|Any CPU.Build.0 = Release|Any CPU
		{71A5A545-DF6E-4171-A6B0-F0CC26F930AC}.Debug|Any CPU.ActiveCfg = Debug|Any CPU
		{71A5A545-DF6E-4171-A6B0-F0CC26F930AC}.Debug|Any CPU.Build.0 = Debug|Any CPU
		{71A5A545-DF6E-4171-A6B0-F0CC26F930AC}.Release|Any CPU.ActiveCfg = Release|Any CPU
		{71A5A545-DF6E-4171-A6B0-F0CC26F930AC}.Release|Any CPU.Build.0 = Release|Any CPU
		{5C858F8A-D63D-4288-8DBE-D0F29C917785}.Debug|Any CPU.ActiveCfg = Debug|Any CPU
		{5C858F8A-D63D-4288-8DBE-D0F29C917785}.Debug|Any CPU.Build.0 = Debug|Any CPU
		{5C858F8A-D63D-4288-8DBE-D0F29C917785}.Release|Any CPU.ActiveCfg = Release|Any CPU
		{5C858F8A-D63D-4288-8DBE-D0F29C917785}.Release|Any CPU.Build.0 = Release|Any CPU
		{74225513-E014-47F0-91E8-B1A268ABAC96}.Debug|Any CPU.ActiveCfg = Debug|Any CPU
		{74225513-E014-47F0-91E8-B1A268ABAC96}.Debug|Any CPU.Build.0 = Debug|Any CPU
		{74225513-E014-47F0-91E8-B1A268ABAC96}.Debug|Any CPU.Deploy.0 = Debug|Any CPU
		{74225513-E014-47F0-91E8-B1A268ABAC96}.Release|Any CPU.ActiveCfg = Release|Any CPU
		{74225513-E014-47F0-91E8-B1A268ABAC96}.Release|Any CPU.Build.0 = Release|Any CPU
		{74225513-E014-47F0-91E8-B1A268ABAC96}.Release|Any CPU.Deploy.0 = Release|Any CPU
		{E56BF87F-0B0C-469F-AAF1-8F4F83C58FB7}.Debug|Any CPU.ActiveCfg = Debug|Any CPU
		{E56BF87F-0B0C-469F-AAF1-8F4F83C58FB7}.Debug|Any CPU.Build.0 = Debug|Any CPU
		{E56BF87F-0B0C-469F-AAF1-8F4F83C58FB7}.Release|Any CPU.ActiveCfg = Release|Any CPU
		{E56BF87F-0B0C-469F-AAF1-8F4F83C58FB7}.Release|Any CPU.Build.0 = Release|Any CPU
		{78BE4F07-B0B3-4004-8891-B7BD080A8505}.Debug|Any CPU.ActiveCfg = Debug|Any CPU
		{78BE4F07-B0B3-4004-8891-B7BD080A8505}.Debug|Any CPU.Build.0 = Debug|Any CPU
		{78BE4F07-B0B3-4004-8891-B7BD080A8505}.Release|Any CPU.ActiveCfg = Release|Any CPU
		{78BE4F07-B0B3-4004-8891-B7BD080A8505}.Release|Any CPU.Build.0 = Release|Any CPU
	EndGlobalSection
	GlobalSection(SolutionProperties) = preSolution
		HideSolutionNode = FALSE
	EndGlobalSection
	GlobalSection(NestedProjects) = preSolution
		{A21E977B-7E22-414D-B1F8-518A39D09453} = {AA83A4DE-D979-45AA-AB68-FE73668A33C1}
		{7CBBB1CC-6490-4FAD-93EF-AD453BF0E2AF} = {29DE9C4B-85AD-49CF-B9CC-18C2FE9C279D}
		{5C14EFE2-022F-421E-AA71-EEBE1596035C} = {29DE9C4B-85AD-49CF-B9CC-18C2FE9C279D}
		{71A5A545-DF6E-4171-A6B0-F0CC26F930AC} = {C1BA9C68-88D1-49F3-93FC-E24F137A00C7}
		{5C858F8A-D63D-4288-8DBE-D0F29C917785} = {C1BA9C68-88D1-49F3-93FC-E24F137A00C7}
		{74225513-E014-47F0-91E8-B1A268ABAC96} = {C1BA9C68-88D1-49F3-93FC-E24F137A00C7}
		{E56BF87F-0B0C-469F-AAF1-8F4F83C58FB7} = {A553B6C3-1237-44AB-B2D3-3E8E1B3267EF}
		{78BE4F07-B0B3-4004-8891-B7BD080A8505} = {3973D13F-FBB7-4A7D-BB6F-D95AF6FCFDD0}
	EndGlobalSection
	GlobalSection(ExtensibilityGlobals) = postSolution
		SolutionGuid = {8FEFCB3F-4BBC-4804-B5E5-097796DA11CD}
	EndGlobalSection
EndGlobal
